github.com/cdvelop/api v0.0.71 h1:X+p35ptmHZnZh2IkYJzGgbbKNLpVZ1wIodQXVyMGu1k=
github.com/cdvelop/cutkey v1.0.0 h1:lv9njJ/QuB43OGB4LPDiutY4qvHOZ9RpV7cYaZ13pWM=
github.com/cdvelop/dbtools v0.0.68 h1:AGEZDNeZGvi2Y4QMrJdQ1Opwh6eI8Mc/VebYnUrWpBA=
github.com/cdvelop/fetchserver v0.0.11 h1:VmrBiHaMh62Xvy9IoEGckMYKYblHiUmbXzt8jdOwLNI=
github.com/cdvelop/filehandler v0.0.15 h1:rQCvCMbdmvOP7BePjZ2UdXIBSOvOvb/UAVtENDLv9Es=
github.com/cdvelop/filehandler v0.0.15/go.mod h1:9vu1Qnqq2f0AnIq94VCW0C+GUeCaaKslh4+utPYwPBI=
github.com/cdvelop/fileinput v0.0.39 h1:lkNeqSv7Q6u7JlGU3ZXhhjN/hrNxvDghlM1cejYhzNI=
github.com/cdvelop/fileserver v0.0.35 h1:80oDq2paB6u5TJaZla9m+rEG9pxzxDOFYZFgga2mIn8=
github.com/cdvelop/fileserver v0.0.35/go.mod h1:GM3V54CW476EkPIjtLgdHWgF749hC7tfO8W+0JELol8=
github.com/cdvelop/git v0.0.2 h1:srcsK34PXXqUxl9bCyhZB8Lr+kKc9h3XzcpNPG+YK00=
github.com/cdvelop/git v0.0.2/go.mod h1:vwsYUKRcvNVbqHsn/vrpCHKEsZKoY81g1i8t08zSMxQ=
github.com/cdvelop/gomod v0.0.48 h1:ma4En8jjAPBkN3JMPtCwSENsWRWU/TdjpdOIQp6eW3E=
github.com/cdvelop/gomod v0.0.48/go.mod h1:4ZcJ5YZNoh2AjjqDj1QR5PxNyMCDNXsGr0iTopdmie4=
github.com/cdvelop/gotools v0.0.67 h1:TFRVYw0UmN5h2/0EVvGL96QIAAfUBXURc4UbwlRT6zA=
github.com/cdvelop/gotools v0.0.67/go.mod h1:+/2WUUkCGMvptBFqaMczqJjbyoNoP33L1RLhK9RdMRk=
github.com/cdvelop/input v0.0.62 h1:UeSYYBfGUaeMFLW85v9f+7Yqahmsw8KynFpvNzu2USM=
github.com/cdvelop/input v0.0.62/go.mod h1:jQwrSqhJlrIXM1phVzwlLm2m/kEsU1DCIWqnpWgegfg=
github.com/cdvelop/ldflags v0.0.5 h1:bKRuHyJSssMwLikcQOXbi0tn948d6M7EGu33KLifJO4=
github.com/cdvelop/ldflags v0.0.5/go.mod h1:3ARkzz4wQRw46LGAoIlBNi9pME9Bmk9WtIryoxvg3dk=
github.com/cdvelop/logserver v0.0.13 h1:duK4XxlUyqAUpKXgHGW1QidNdaB5N4feWBMQPSoKx78=
github.com/cdvelop/maps v0.0.7 h1:2z8obanMy8d8LoSYngINQyiZvDC+2j9gntX0VbJ21kc=
github.com/cdvelop/maps v0.0.7/go.mod h1:pxXQhqgImVse91Wn/nntebcBspDc4JKQv8NC3apxfLU=
github.com/cdvelop/model v0.0.82 h1:IMNQVomtpvfRV6KEofUeKn01XFeCKodiBRyxJE4mdR4=
github.com/cdvelop/model v0.0.82/go.mod h1:cYJNxbv1WV/aDgiVPV9VXs8LrbF8+0nU+X+KfSevyzw=
github.com/cdvelop/object v0.0.43 h1:QUvJGjB6qNrvBvBNLQOcf5vT+f2gQFW6gSHra35UzII=
github.com/cdvelop/object v0.0.43/go.mod h1:L4sHJoTHCGKxDrzZE2uP5VCDxkX+SJs/nWHp+YL06Uo=
github.com/cdvelop/objectdb v0.0.92 h1:IOkSWpe8n6AkKH2OqRsz7x5rOA49r8SNKucePsViu/4=
github.com/cdvelop/output v0.0.16 h1:4hmAy0kF98dVEWj2qq6fMtiq3pz1ZTDmxf9AgHiBb7g=
github.com/cdvelop/output v0.0.16/go.mod h1:J0NdlSxlURjPlX82VUmaq7o9Z4omOSH0yLUoioPdELc=
github.com/cdvelop/platform v0.0.52 h1:UiCYSSLv0L46y1a7xXlfYeYBhraAILB1Z6xkDbKpmDc=
github.com/cdvelop/platform v0.0.52/go.mod h1:cSGweX1C+ju3u7F8dobtMMIMQy8phL4n4uh0KMv5WDg=
github.com/cdvelop/sqlite v0.0.84 h1:sLWcMS0tvuLIIvtK9AVzeoB3tsjNB54afYadWNobJgE=
github.com/cdvelop/strings v0.0.8 h1:liZNqboKkU3YpetJF/6FpWlWErSJfK7ISnIWD6SAf/E=
github.com/cdvelop/strings v0.0.8/go.mod h1:zNexDeXHRETbMmlmNThQeM7ksRsvzrphsCfwuSxaURk=
github.com/cdvelop/testools v0.0.52 h1:V0QjnKrRSOYVGUjiroVeEGa2RDdbeohO/mCzD90DE1I=
github.com/cdvelop/timeserver v0.0.27 h1:DyFQWNtVPLe8R0GIhlo9P4+biZQUsqxHkyzGZ5pWEAM=
github.com/cdvelop/timetools v0.0.28 h1:deG3CoMbItderXCsR77aQK4t7beBocLQvollpoeZ32s=
github.com/cdvelop/timetools v0.0.28/go.mod h1:pldiqgD86bayORZC0wlEqAT8A+WxJIHvhrY899yP1e0=
github.com/cdvelop/token v0.0.5 h1:UzmT8OK2B6B/mBeN65P6YovHvJ4rXvq6UFomUElELkM=
github.com/cdvelop/token v0.0.5/go.mod h1:ANC5a0EWBo/iXNxSAY6tecAcv9tPHv9/nzvK7cuzAhg=
github.com/cdvelop/unixid v0.0.28 h1:ey/wRGV89UL/98zvVWpE2apfI8OKqPn7oxi1vYxetkI=
github.com/cdvelop/unixid v0.0.28/go.mod h1:3YjJzqIunS1LcPWTpejXth4zSyf1rRazE7REYLXQrP4=
github.com/gabriel-vasile/mimetype v1.4.3 h1:in2uUcidCuFcDKtdcBxlR0rJ1+fsokWf+uqxgUFjbI0=
github.com/gabriel-vasile/mimetype v1.4.3/go.mod h1:d8uq/6HKRL6CGdk+aubisF/M5GcPfT7nKyLpA0lbSSk=
github.com/mattn/go-sqlite3 v1.14.18 h1:JL0eqdCOq6DJVNPSvArO/bIV9/P7fbGrV00LZHc+5aI=
github.com/tdewolff/minify v2.3.6+incompatible h1:2hw5/9ZvxhWLvBUnHE06gElGYz+Jv9R4Eys0XUzItYo=
github.com/tdewolff/minify v2.3.6+incompatible/go.mod h1:9Ov578KJUmAWpS6NeZwRZyT56Uf6o3Mcz9CEsg8USYs=
github.com/tdewolff/parse v2.3.4+incompatible h1:x05/cnGwIMf4ceLuDMBOdQ1qGniMoxpP46ghf0Qzh38=
github.com/tdewolff/parse v2.3.4+incompatible/go.mod h1:8oBwCsVmUkgHO8M5iCzSIDtpzXOT0WXX9cWhz+bIzJQ=
github.com/tdewolff/test v1.0.10 h1:uWiheaLgLcNFqHcdWveum7PQfMnIUTf9Kl3bFxrIoew=
github.com/tdewolff/test v1.0.10/go.mod h1:6DAvZliBAAnD7rhVgwaM7DE5/d9NMOAJ09SqYqeK4QE=
golang.org/x/net v0.19.0 h1:zTwKpTd2XuCqf8huc7Fo2iSy+4RHPd10s4KzeTnVr1c=
golang.org/x/net v0.19.0/go.mod h1:CfAk/cbD4CthTvqiEl8NpboMuiuOYsAr/7NOjZJtv1U=
golang.org/x/text v0.14.0 h1:ScX5w1eTa3QqT8oi6+ziP7dTV1S2+ALU0bI+0zXKWiQ=
golang.org/x/text v0.14.0/go.mod h1:18ZOQIKpY8NJVqYksKHtTdi31H5itFRjB5/qKTNYzSU=
