github.com/cdvelop/api v0.0.87 h1:DrQ/3+aM1idnmkUgHY3/qnzm90cyF7OS+1SF2qmOEmc=
github.com/cdvelop/cutkey v1.0.8 h1:QzPawsoH9E32mchgKbmPpmX1HTzAdWz0Mz1ypWJp7fY=
github.com/cdvelop/dbtools v0.0.77 h1:5kOiyHIltMeGduj9P+Tj6ICKUFDcnc8VD0lN915O7zQ=
github.com/cdvelop/fetchserver v0.0.22 h1:S5CgvSHDCnFYuHBwlnd8YoYzoMTetdEha1VLZ0Yr25E=
github.com/cdvelop/filehandler v0.0.26 h1:nnNyk2Cy4L0C7IZSDCS49OurlXJ4pp7XlrejHY67KWI=
github.com/cdvelop/filehandler v0.0.26/go.mod h1:0yWdIgpGlCD4FKBwp+fxmWp0R3tyzUkoKViwZoe5r9E=
github.com/cdvelop/fileinput v0.0.52 h1:w2X0n+RpyiuhUBpjuO8+h6PHjy7gyOjCCOfNFWqd5w4=
github.com/cdvelop/fileserver v0.0.47 h1:XItp1O3qaosJEf5mn4vIpdgmCh7XQSZQg5jsiYFb3hg=
github.com/cdvelop/fileserver v0.0.47/go.mod h1:3DH2PG+3uhWYa0wtFuqUN2CTLsw8enEy4bAizGd/We0=
github.com/cdvelop/git v0.0.2 h1:srcsK34PXXqUxl9bCyhZB8Lr+kKc9h3XzcpNPG+YK00=
github.com/cdvelop/git v0.0.2/go.mod h1:vwsYUKRcvNVbqHsn/vrpCHKEsZKoY81g1i8t08zSMxQ=
github.com/cdvelop/gomod v0.0.61 h1:ik1E9CnrtmF8Zwgb00KNMZ972oUxyg8Ap0o/xca08cg=
github.com/cdvelop/gomod v0.0.61/go.mod h1:4KA6oHZZMzwdKbwKMR45/ahOrzBPxp5CFm9e2eh6bfA=
github.com/cdvelop/gotools v0.0.77 h1:w+80uUz/x0uj1QZiztHEYeuCZptuG5RzhLmXMKnP2Dc=
github.com/cdvelop/gotools v0.0.77/go.mod h1:gIRbrp+rtzkZv2kbMGsNaqHOgkNpHisdo8lQYzvTeGo=
github.com/cdvelop/input v0.0.74 h1:cmWGapOQ4utj7bXRqmGITAMlOfmVQ5AsNUolItz8e5o=
github.com/cdvelop/input v0.0.74/go.mod h1:dSC3vWPEe6DmOX8Q+tR9O9rec+2QGWinVQxmLnFSGSM=
github.com/cdvelop/ldflags v0.0.6 h1:p/cTz8Gl5gdW6N6MXjwwQ8YXxtUc11pAhV28Q8TO8lI=
github.com/cdvelop/ldflags v0.0.6/go.mod h1:/SiLxzIEltg89v6s5Uz89StuZqDLWD/grkIOVaCjiAw=
github.com/cdvelop/logserver v0.0.23 h1:RFeXW+X4VcwO13trbtn1yrrzpjOjtIYobxyU4uBzxmU=
github.com/cdvelop/maps v0.0.8 h1:7pc/iRC5mhf91TB8TaGoXkyFloH1pH1TWbLBR4kZhZY=
github.com/cdvelop/maps v0.0.8/go.mod h1:00f/VqX/M0iiiY/BG2KxfxfFuoU5jAaNLEDGw7Tlduk=
github.com/cdvelop/model v0.0.102 h1:WyVT07s7+oa8r4pD7Xy06h+oRG+xX4FRi9SD5FlLWyU=
github.com/cdvelop/model v0.0.102/go.mod h1:cYJNxbv1WV/aDgiVPV9VXs8LrbF8+0nU+X+KfSevyzw=
github.com/cdvelop/object v0.0.59 h1:WC4aeDcvhVMr2pZBsTOtJCD9zJ6gu6mLIECPBnSmIXc=
github.com/cdvelop/object v0.0.59/go.mod h1:ZPoqd0l0Mq/x7XCUrudCX5HG5B1/aI2SFInfyfZ97d0=
github.com/cdvelop/objectdb v0.0.103 h1:vYI6RjNxtokkyaN4mb99B0NQhdGJpHWvacQWajDPPcA=
github.com/cdvelop/output v0.0.16 h1:4hmAy0kF98dVEWj2qq6fMtiq3pz1ZTDmxf9AgHiBb7g=
github.com/cdvelop/output v0.0.16/go.mod h1:J0NdlSxlURjPlX82VUmaq7o9Z4omOSH0yLUoioPdELc=
github.com/cdvelop/platform v0.0.61 h1:imyafI7mmtJu6E4HNexLgYR95nmd2KZU4f41BcEnhVs=
github.com/cdvelop/platform v0.0.61/go.mod h1:O4l2Edlcsegg3fmeJkqWE9E5X9iI+YG8BRqtYiwpRss=
github.com/cdvelop/sqlite v0.0.96 h1:vPME5K5PspdFymuLrauruybb1ZX5wp6ECBUzr8ArpTE=
github.com/cdvelop/strings v0.0.9 h1:yDh2msl3EQja0dHw+oOHfD9ymQMa50KakKTkjsXDnvw=
github.com/cdvelop/strings v0.0.9/go.mod h1:zNexDeXHRETbMmlmNThQeM7ksRsvzrphsCfwuSxaURk=
github.com/cdvelop/testools v0.0.68 h1:06VGL0kNhLOgz0ZOFZgUvC6u8fYb5z7u1fD3/06d9gc=
github.com/cdvelop/timeserver v0.0.31 h1:+Yt1ydpmtNDMJbFu29hcnmkwtK+BW+gBQyhbVVAvnHg=
github.com/cdvelop/timetools v0.0.32 h1:tQPO4BwrEBrIGVMZHhsoYYeu8UXyF6hicm/Q54SET6k=
github.com/cdvelop/timetools v0.0.32/go.mod h1:Y6C9bgqYnwI+WUuIiJs5VlfyNdVPsCN+42LxUB1S2yo=
github.com/cdvelop/token v0.0.5 h1:UzmT8OK2B6B/mBeN65P6YovHvJ4rXvq6UFomUElELkM=
github.com/cdvelop/token v0.0.5/go.mod h1:ANC5a0EWBo/iXNxSAY6tecAcv9tPHv9/nzvK7cuzAhg=
github.com/cdvelop/unixid v0.0.42 h1:7VN8YyOrAWPOzNAzeY2HMY79vI3tWwmSfuQBk5QiZm8=
github.com/cdvelop/unixid v0.0.42/go.mod h1:KVMyT1jZphNqKVb4BwB0De1ziNmm0NlVR50WMnRPmmo=
github.com/gabriel-vasile/mimetype v1.4.3 h1:in2uUcidCuFcDKtdcBxlR0rJ1+fsokWf+uqxgUFjbI0=
github.com/gabriel-vasile/mimetype v1.4.3/go.mod h1:d8uq/6HKRL6CGdk+aubisF/M5GcPfT7nKyLpA0lbSSk=
github.com/mattn/go-sqlite3 v1.14.19 h1:fhGleo2h1p8tVChob4I9HpmVFIAkKGpiukdrgQbWfGI=
github.com/tdewolff/minify v2.3.6+incompatible h1:2hw5/9ZvxhWLvBUnHE06gElGYz+Jv9R4Eys0XUzItYo=
github.com/tdewolff/minify v2.3.6+incompatible/go.mod h1:9Ov578KJUmAWpS6NeZwRZyT56Uf6o3Mcz9CEsg8USYs=
github.com/tdewolff/parse v2.3.4+incompatible h1:x05/cnGwIMf4ceLuDMBOdQ1qGniMoxpP46ghf0Qzh38=
github.com/tdewolff/parse v2.3.4+incompatible/go.mod h1:8oBwCsVmUkgHO8M5iCzSIDtpzXOT0WXX9cWhz+bIzJQ=
github.com/tdewolff/test v1.0.10 h1:uWiheaLgLcNFqHcdWveum7PQfMnIUTf9Kl3bFxrIoew=
github.com/tdewolff/test v1.0.10/go.mod h1:6DAvZliBAAnD7rhVgwaM7DE5/d9NMOAJ09SqYqeK4QE=
golang.org/x/net v0.19.0 h1:zTwKpTd2XuCqf8huc7Fo2iSy+4RHPd10s4KzeTnVr1c=
golang.org/x/net v0.19.0/go.mod h1:CfAk/cbD4CthTvqiEl8NpboMuiuOYsAr/7NOjZJtv1U=
golang.org/x/text v0.14.0 h1:ScX5w1eTa3QqT8oi6+ziP7dTV1S2+ALU0bI+0zXKWiQ=
golang.org/x/text v0.14.0/go.mod h1:18ZOQIKpY8NJVqYksKHtTdi31H5itFRjB5/qKTNYzSU=
