github.com/cdvelop/api v0.0.82 h1:80E6att0zoOeKdV9BH9hsdjUYbYDGiVGOKAyNwua1cs=
github.com/cdvelop/cutkey v1.0.1 h1:ENcBzTYYGI0bBDl0bcJC17i9u9SHRWxuLpSN3iutqYg=
github.com/cdvelop/dbtools v0.0.70 h1:Ox994JZzx8a4TGEFc7wdmbcF28wt1R/ZygYc/qStLek=
github.com/cdvelop/fetchserver v0.0.15 h1:GXNrthgAMgIoDS1UgKYm7EslPgzwQdiQ7DET3p0U/ao=
github.com/cdvelop/filehandler v0.0.23 h1:bb7ekhWtczEyAesRohJgsB+0i68BNXApPFoi581hm/8=
github.com/cdvelop/filehandler v0.0.23/go.mod h1:R+vY0aTY4IJpdhTQ/pioCCA27VmjPIPKi5qWEm/ncxs=
github.com/cdvelop/fileinput v0.0.49 h1:zT8Z5Om/8AUkVEYbikEhWPmU1z2YJHFS1T6tH0SFlb8=
github.com/cdvelop/fileserver v0.0.44 h1:qoYY6xAmPGwzxE+NIt4tvVuEiYyCdc9FDQ7DnUrVP4c=
github.com/cdvelop/fileserver v0.0.44/go.mod h1:PTNnV/JpYNCHjJNqbv3nNuUpCvnnl7T5mgqiQ2lPAl0=
github.com/cdvelop/git v0.0.2 h1:srcsK34PXXqUxl9bCyhZB8Lr+kKc9h3XzcpNPG+YK00=
github.com/cdvelop/git v0.0.2/go.mod h1:vwsYUKRcvNVbqHsn/vrpCHKEsZKoY81g1i8t08zSMxQ=
github.com/cdvelop/gomod v0.0.57 h1:teJRmw6xmu3Saeub6vZLJcMci4WNSpVLPZYCQFg1SUc=
github.com/cdvelop/gomod v0.0.57/go.mod h1:t0bcZ84G7jTad7Cfq14qw9aMQa0jsPyN73bpQmyxnlw=
github.com/cdvelop/gotools v0.0.74 h1:eCT4khE1QwTXnwyjJd4cuqT/5049srN0f4d4bLhTECU=
github.com/cdvelop/gotools v0.0.74/go.mod h1:vLXZvjdFa7dR76hEIpwJfSD4a+rlHORhLBbbbBJpgOw=
github.com/cdvelop/input v0.0.70 h1:E/aBa90utZpDdS+F7W6TOtatIa88M7OiHdBNT21yuE8=
github.com/cdvelop/input v0.0.70/go.mod h1:czmuo1M52iG30PFdUjC1imAFj9/Xi0PRe6+1FvBbub8=
github.com/cdvelop/ldflags v0.0.6 h1:p/cTz8Gl5gdW6N6MXjwwQ8YXxtUc11pAhV28Q8TO8lI=
github.com/cdvelop/ldflags v0.0.6/go.mod h1:/SiLxzIEltg89v6s5Uz89StuZqDLWD/grkIOVaCjiAw=
github.com/cdvelop/logserver v0.0.16 h1:6hW/0h6AxO9CcoCAkyFERcA/AEVZNbCGMvfpnEwko5Y=
github.com/cdvelop/maps v0.0.8 h1:7pc/iRC5mhf91TB8TaGoXkyFloH1pH1TWbLBR4kZhZY=
github.com/cdvelop/maps v0.0.8/go.mod h1:00f/VqX/M0iiiY/BG2KxfxfFuoU5jAaNLEDGw7Tlduk=
github.com/cdvelop/model v0.0.100 h1:7Bx2vPKGiqzJn2D8aGuxLCEN0QDGGpR+39GyNPSB7u0=
github.com/cdvelop/model v0.0.100/go.mod h1:cYJNxbv1WV/aDgiVPV9VXs8LrbF8+0nU+X+KfSevyzw=
github.com/cdvelop/object v0.0.55 h1:FOB4NvFRQ04/5PZxxPc11ub2nfMKv4U5ncjCsQwxCWM=
github.com/cdvelop/object v0.0.55/go.mod h1:yunjpYCixlevK3tWuklU+O51U3SUAi9S4zDU/vBwnwU=
github.com/cdvelop/objectdb v0.0.99 h1:4NGWBbYHPc+25elgv9Qgvg4UDt8tl5FbO8PFBXe6EXM=
github.com/cdvelop/output v0.0.16 h1:4hmAy0kF98dVEWj2qq6fMtiq3pz1ZTDmxf9AgHiBb7g=
github.com/cdvelop/output v0.0.16/go.mod h1:J0NdlSxlURjPlX82VUmaq7o9Z4omOSH0yLUoioPdELc=
github.com/cdvelop/platform v0.0.58 h1:D8aV5n2sSdfXE5kiDJ3quSSnLO69XfghS5tfCuOXhYM=
github.com/cdvelop/platform v0.0.58/go.mod h1:cDt9xpBhwiGg0DbFVb88Mi3T0NVqJ9lJAVsTsjVKg1c=
github.com/cdvelop/sqlite v0.0.90 h1:epE3jylW3y2uTlMCPb/qU6vM7eWEK8PBJhk4SLbGIzA=
github.com/cdvelop/strings v0.0.9 h1:yDh2msl3EQja0dHw+oOHfD9ymQMa50KakKTkjsXDnvw=
github.com/cdvelop/strings v0.0.9/go.mod h1:zNexDeXHRETbMmlmNThQeM7ksRsvzrphsCfwuSxaURk=
github.com/cdvelop/testools v0.0.63 h1:pbvS+szGGMLZ/Pb3HckW7AY5F3vW/J+DPVz3vr3PM8Y=
github.com/cdvelop/timeserver v0.0.31 h1:+Yt1ydpmtNDMJbFu29hcnmkwtK+BW+gBQyhbVVAvnHg=
github.com/cdvelop/timetools v0.0.32 h1:tQPO4BwrEBrIGVMZHhsoYYeu8UXyF6hicm/Q54SET6k=
github.com/cdvelop/timetools v0.0.32/go.mod h1:Y6C9bgqYnwI+WUuIiJs5VlfyNdVPsCN+42LxUB1S2yo=
github.com/cdvelop/token v0.0.5 h1:UzmT8OK2B6B/mBeN65P6YovHvJ4rXvq6UFomUElELkM=
github.com/cdvelop/token v0.0.5/go.mod h1:ANC5a0EWBo/iXNxSAY6tecAcv9tPHv9/nzvK7cuzAhg=
github.com/cdvelop/unixid v0.0.37 h1:a6Piqdx5PoU9ZEaIvdSrbVayQSThv/2rzx78F+scNfA=
github.com/cdvelop/unixid v0.0.37/go.mod h1:fpSphxTwMUQcEdv3Ea2w7mAcfCZuJT03X6Mf3P4tRj4=
github.com/gabriel-vasile/mimetype v1.4.3 h1:in2uUcidCuFcDKtdcBxlR0rJ1+fsokWf+uqxgUFjbI0=
github.com/gabriel-vasile/mimetype v1.4.3/go.mod h1:d8uq/6HKRL6CGdk+aubisF/M5GcPfT7nKyLpA0lbSSk=
github.com/mattn/go-sqlite3 v1.14.18 h1:JL0eqdCOq6DJVNPSvArO/bIV9/P7fbGrV00LZHc+5aI=
github.com/tdewolff/minify v2.3.6+incompatible h1:2hw5/9ZvxhWLvBUnHE06gElGYz+Jv9R4Eys0XUzItYo=
github.com/tdewolff/minify v2.3.6+incompatible/go.mod h1:9Ov578KJUmAWpS6NeZwRZyT56Uf6o3Mcz9CEsg8USYs=
github.com/tdewolff/parse v2.3.4+incompatible h1:x05/cnGwIMf4ceLuDMBOdQ1qGniMoxpP46ghf0Qzh38=
github.com/tdewolff/parse v2.3.4+incompatible/go.mod h1:8oBwCsVmUkgHO8M5iCzSIDtpzXOT0WXX9cWhz+bIzJQ=
github.com/tdewolff/test v1.0.10 h1:uWiheaLgLcNFqHcdWveum7PQfMnIUTf9Kl3bFxrIoew=
github.com/tdewolff/test v1.0.10/go.mod h1:6DAvZliBAAnD7rhVgwaM7DE5/d9NMOAJ09SqYqeK4QE=
golang.org/x/net v0.19.0 h1:zTwKpTd2XuCqf8huc7Fo2iSy+4RHPd10s4KzeTnVr1c=
golang.org/x/net v0.19.0/go.mod h1:CfAk/cbD4CthTvqiEl8NpboMuiuOYsAr/7NOjZJtv1U=
golang.org/x/text v0.14.0 h1:ScX5w1eTa3QqT8oi6+ziP7dTV1S2+ALU0bI+0zXKWiQ=
golang.org/x/text v0.14.0/go.mod h1:18ZOQIKpY8NJVqYksKHtTdi31H5itFRjB5/qKTNYzSU=
